
Microsoft Visual Studio Solution File, Format Version 12.00
# Visual Studio Version 17
VisualStudioVersion = 17.1.32319.34
MinimumVisualStudioVersion = 10.0.40219.1
Project("{9A19103F-16F7-4668-BE54-9A1E7A4F7556}") = "Play.Catalog.Service", "Play.Catalog.Service\Play.Catalog.Service.csproj", "{1D502260-3ED8-4899-A281-C3B6A89D1BCA}"
EndProject
Project("{9A19103F-16F7-4668-BE54-9A1E7A4F7556}") = "Play.Inventory.Service", "Play.Inventory.Service\Play.Inventory.Service.csproj", "{E3536830-D12D-4A28-9207-2CF1EED457CD}"
EndProject
Project("{9A19103F-16F7-4668-BE54-9A1E7A4F7556}") = "Play.Catalog.Contracts", "Play.Catalog.Contracts\Play.Catalog.Contracts.csproj", "{B3A38C34-45A5-4FA3-A9A8-A4FAD875E34D}"
EndProject
Project("{9A19103F-16F7-4668-BE54-9A1E7A4F7556}") = "Play.Common", "Play.Common\Play.Common.csproj", "{DEB5A091-D94F-448A-A43D-79C669BA6DD5}"
EndProject
Project("{2150E333-8FDC-42A3-9474-1A3956D46DE8}") = "Play.Infra", "Play.Infra", "{1A189FBA-3A2D-4A58-803F-07690EC8DB55}"
	ProjectSection(SolutionItems) = preProject
		docker-compose.yml = docker-compose.yml
	EndProjectSection
EndProject
Project("{54A90642-561A-4BB1-A94E-469ADEE60C69}") = "Play.Frontend", "Play.Frontend\Play.Frontend.esproj", "{8DA92E1F-0842-436B-A05A-D32E3C2FDDB1}"
EndProject
Global
	GlobalSection(SolutionConfigurationPlatforms) = preSolution
		Debug|Any CPU = Debug|Any CPU
		Release|Any CPU = Release|Any CPU
	EndGlobalSection
	GlobalSection(ProjectConfigurationPlatforms) = postSolution
		{1D502260-3ED8-4899-A281-C3B6A89D1BCA}.Debug|Any CPU.ActiveCfg = Debug|Any CPU
		{1D502260-3ED8-4899-A281-C3B6A89D1BCA}.Debug|Any CPU.Build.0 = Debug|Any CPU
		{1D502260-3ED8-4899-A281-C3B6A89D1BCA}.Release|Any CPU.ActiveCfg = Release|Any CPU
		{1D502260-3ED8-4899-A281-C3B6A89D1BCA}.Release|Any CPU.Build.0 = Release|Any CPU
		{E3536830-D12D-4A28-9207-2CF1EED457CD}.Debug|Any CPU.ActiveCfg = Debug|Any CPU
		{E3536830-D12D-4A28-9207-2CF1EED457CD}.Debug|Any CPU.Build.0 = Debug|Any CPU
		{E3536830-D12D-4A28-9207-2CF1EED457CD}.Release|Any CPU.ActiveCfg = Release|Any CPU
		{E3536830-D12D-4A28-9207-2CF1EED457CD}.Release|Any CPU.Build.0 = Release|Any CPU
		{B3A38C34-45A5-4FA3-A9A8-A4FAD875E34D}.Debug|Any CPU.ActiveCfg = Debug|Any CPU
		{B3A38C34-45A5-4FA3-A9A8-A4FAD875E34D}.Debug|Any CPU.Build.0 = Debug|Any CPU
		{B3A38C34-45A5-4FA3-A9A8-A4FAD875E34D}.Release|Any CPU.ActiveCfg = Release|Any CPU
		{B3A38C34-45A5-4FA3-A9A8-A4FAD875E34D}.Release|Any CPU.Build.0 = Release|Any CPU
		{DEB5A091-D94F-448A-A43D-79C669BA6DD5}.Debug|Any CPU.ActiveCfg = Debug|Any CPU
		{DEB5A091-D94F-448A-A43D-79C669BA6DD5}.Debug|Any CPU.Build.0 = Debug|Any CPU
		{DEB5A091-D94F-448A-A43D-79C669BA6DD5}.Release|Any CPU.ActiveCfg = Release|Any CPU
		{DEB5A091-D94F-448A-A43D-79C669BA6DD5}.Release|Any CPU.Build.0 = Release|Any CPU
		{8DA92E1F-0842-436B-A05A-D32E3C2FDDB1}.Debug|Any CPU.ActiveCfg = Debug|Any CPU
		{8DA92E1F-0842-436B-A05A-D32E3C2FDDB1}.Debug|Any CPU.Build.0 = Debug|Any CPU
		{8DA92E1F-0842-436B-A05A-D32E3C2FDDB1}.Debug|Any CPU.Deploy.0 = Debug|Any CPU
		{8DA92E1F-0842-436B-A05A-D32E3C2FDDB1}.Release|Any CPU.ActiveCfg = Release|Any CPU
		{8DA92E1F-0842-436B-A05A-D32E3C2FDDB1}.Release|Any CPU.Build.0 = Release|Any CPU
		{8DA92E1F-0842-436B-A05A-D32E3C2FDDB1}.Release|Any CPU.Deploy.0 = Release|Any CPU
	EndGlobalSection
	GlobalSection(SolutionProperties) = preSolution
		HideSolutionNode = FALSE
	EndGlobalSection
	GlobalSection(ExtensibilityGlobals) = postSolution
		SolutionGuid = {EE8BA14E-B61F-482C-AA0C-170BC84961B9}
	EndGlobalSection
EndGlobal
